
Microsoft Visual Studio Solution File, Format Version 12.00
# Visual Studio Version 17
VisualStudioVersion = 17.5.002.0
MinimumVisualStudioVersion = 10.0.40219.1
Project("{9A19103F-16F7-4668-BE54-9A1E7A4F7556}") = "testproject", "testproject.csproj", "{A9C1BA42-7920-4201-BEAC-FCF8CF69AFFD}"
EndProject
Global
	GlobalSection(SolutionConfigurationPlatforms) = preSolution
		Debug|Any CPU = Debug|Any CPU
		Release|Any CPU = Release|Any CPU
	EndGlobalSection
	GlobalSection(ProjectConfigurationPlatforms) = postSolution
		{A9C1BA42-7920-4201-BEAC-FCF8CF69AFFD}.Debug|Any CPU.ActiveCfg = Debug|Any CPU
		{A9C1BA42-7920-4201-BEAC-FCF8CF69AFFD}.Debug|Any CPU.Build.0 = Debug|Any CPU
		{A9C1BA42-7920-4201-BEAC-FCF8CF69AFFD}.Release|Any CPU.ActiveCfg = Release|Any CPU
		{A9C1BA42-7920-4201-BEAC-FCF8CF69AFFD}.Release|Any CPU.Build.0 = Release|Any CPU
	EndGlobalSection
	GlobalSection(SolutionProperties) = preSolution
		HideSolutionNode = FALSE
	EndGlobalSection
	GlobalSection(ExtensibilityGlobals) = postSolution
		SolutionGuid = {6A554B5C-324F-44DD-A1C6-56946F2B63C8}
	EndGlobalSection
EndGlobal
